
Microsoft Visual Studio Solution File, Format Version 12.00
# Visual Studio Version 17
VisualStudioVersion = 17.5.001.0
MinimumVisualStudioVersion = 10.0.40219.1
Project("{2150E333-8FDC-42A3-9474-1A3956D46DE8}") = "csharp-prep", "csharp-prep", "{B483A281-5A5E-47A7-A625-2E899DDF5AD4}"
EndProject
Project("{9A19103F-16F7-4668-BE54-9A1E7A4F7556}") = "Prep1", "csharp-prep\Prep1\Prep1.csproj", "{E36B9EDB-F8E0-4DEE-850D-1FA9B5C83FC0}"
EndProject
Project("{9A19103F-16F7-4668-BE54-9A1E7A4F7556}") = "Prep2", "csharp-prep\Prep2\Prep2.csproj", "{F654445E-1176-42A2-8003-87D601B0B267}"
EndProject
Project("{9A19103F-16F7-4668-BE54-9A1E7A4F7556}") = "Prep3", "csharp-prep\Prep3\Prep3.csproj", "{2CE6FF2D-8D3F-4E8F-9847-383F17B6C9FB}"
EndProject
Project("{9A19103F-16F7-4668-BE54-9A1E7A4F7556}") = "Prep4", "csharp-prep\Prep4\Prep4.csproj", "{F2ED6B7C-1482-4661-892B-9222AB44CA3B}"
EndProject
Project("{9A19103F-16F7-4668-BE54-9A1E7A4F7556}") = "Prep5", "csharp-prep\Prep5\Prep5.csproj", "{5EAAF077-FC1C-42F8-B022-DF7DDCA6E0BC}"
EndProject
Project("{2150E333-8FDC-42A3-9474-1A3956D46DE8}") = "final", "final", "{189196C7-3029-429D-ACF5-60C73DB665A3}"
EndProject
Project("{9A19103F-16F7-4668-BE54-9A1E7A4F7556}") = "FinalProject", "final\FinalProject\FinalProject.csproj", "{F900642B-1873-4BEF-B0F6-3F0A0B03BE71}"
EndProject
Project("{9A19103F-16F7-4668-BE54-9A1E7A4F7556}") = "Foundation1", "final\Foundation1\Foundation1.csproj", "{1DC71AF7-FB32-4144-BE93-C64E836B24D4}"
EndProject
Project("{9A19103F-16F7-4668-BE54-9A1E7A4F7556}") = "Foundation2", "final\Foundation2\Foundation2.csproj", "{185DB6B7-4FF4-461F-BF9E-2E644747218D}"
EndProject
Project("{9A19103F-16F7-4668-BE54-9A1E7A4F7556}") = "Foundation3", "final\Foundation3\Foundation3.csproj", "{E3C41F52-7017-442C-835C-6EC4B6A14109}"
EndProject
Project("{9A19103F-16F7-4668-BE54-9A1E7A4F7556}") = "Foundation4", "final\Foundation4\Foundation4.csproj", "{E9E51A44-5793-43D0-A968-99A602B3668C}"
EndProject
Project("{2150E333-8FDC-42A3-9474-1A3956D46DE8}") = "prepare", "prepare", "{629DA7EA-526B-4348-B7B4-0E9B0D8BC384}"
EndProject
Project("{9A19103F-16F7-4668-BE54-9A1E7A4F7556}") = "Learning02", "prepare\Learning02\Learning02.csproj", "{745E5B68-F4F0-4BAF-BB49-B71907AD887D}"
EndProject
Project("{9A19103F-16F7-4668-BE54-9A1E7A4F7556}") = "Learning03", "prepare\Learning03\Learning03.csproj", "{D6634880-4D10-4A80-83EC-67F6254181C7}"
EndProject
Project("{9A19103F-16F7-4668-BE54-9A1E7A4F7556}") = "Learning04", "prepare\Learning04\Learning04.csproj", "{ED686454-D535-48B8-9F00-6F0D89EC0696}"
EndProject
Project("{9A19103F-16F7-4668-BE54-9A1E7A4F7556}") = "Learning05", "prepare\Learning05\Learning05.csproj", "{C6A15699-CD73-43EF-9C9A-A119891F4FA1}"
EndProject
Project("{2150E333-8FDC-42A3-9474-1A3956D46DE8}") = "prove", "prove", "{908E52B3-1716-4372-A4A3-B1B6AFC15ADA}"
EndProject
Project("{9A19103F-16F7-4668-BE54-9A1E7A4F7556}") = "Develop02", "prove\Develop02\Develop02.csproj", "{50FA6570-4032-437F-A93B-668B250ECDC3}"
EndProject
Project("{9A19103F-16F7-4668-BE54-9A1E7A4F7556}") = "Develop03", "prove\Develop03\Develop03.csproj", "{98AA8364-E836-4D73-90E6-7AD8547A9668}"
EndProject
Project("{9A19103F-16F7-4668-BE54-9A1E7A4F7556}") = "Develop04", "prove\Develop04\Develop04.csproj", "{12B3C651-72EA-440F-BA27-2CDB305CEAE2}"
EndProject
Project("{9A19103F-16F7-4668-BE54-9A1E7A4F7556}") = "Develop05", "prove\Develop05\Develop05.csproj", "{6AEF86E5-7D2D-4A01-AF8A-096F036C3C29}"
EndProject
Project("{2150E333-8FDC-42A3-9474-1A3956D46DE8}") = "sandbox", "sandbox", "{453D2B69-C7A0-4BFD-AEE6-4125CA3AC864}"
EndProject
Project("{9A19103F-16F7-4668-BE54-9A1E7A4F7556}") = "Sandbox", "sandbox\Sandbox\Sandbox.csproj", "{AE3928F0-E74C-4875-89C3-006A0E69A9C9}"
EndProject
Global
	GlobalSection(SolutionConfigurationPlatforms) = preSolution
		Debug|Any CPU = Debug|Any CPU
		Release|Any CPU = Release|Any CPU
	EndGlobalSection
	GlobalSection(ProjectConfigurationPlatforms) = postSolution
		{E36B9EDB-F8E0-4DEE-850D-1FA9B5C83FC0}.Debug|Any CPU.ActiveCfg = Debug|Any CPU
		{E36B9EDB-F8E0-4DEE-850D-1FA9B5C83FC0}.Debug|Any CPU.Build.0 = Debug|Any CPU
		{E36B9EDB-F8E0-4DEE-850D-1FA9B5C83FC0}.Release|Any CPU.ActiveCfg = Release|Any CPU
		{E36B9EDB-F8E0-4DEE-850D-1FA9B5C83FC0}.Release|Any CPU.Build.0 = Release|Any CPU
		{F654445E-1176-42A2-8003-87D601B0B267}.Debug|Any CPU.ActiveCfg = Debug|Any CPU
		{F654445E-1176-42A2-8003-87D601B0B267}.Debug|Any CPU.Build.0 = Debug|Any CPU
		{F654445E-1176-42A2-8003-87D601B0B267}.Release|Any CPU.ActiveCfg = Release|Any CPU
		{F654445E-1176-42A2-8003-87D601B0B267}.Release|Any CPU.Build.0 = Release|Any CPU
		{2CE6FF2D-8D3F-4E8F-9847-383F17B6C9FB}.Debug|Any CPU.ActiveCfg = Debug|Any CPU
		{2CE6FF2D-8D3F-4E8F-9847-383F17B6C9FB}.Debug|Any CPU.Build.0 = Debug|Any CPU
		{2CE6FF2D-8D3F-4E8F-9847-383F17B6C9FB}.Release|Any CPU.ActiveCfg = Release|Any CPU
		{2CE6FF2D-8D3F-4E8F-9847-383F17B6C9FB}.Release|Any CPU.Build.0 = Release|Any CPU
		{F2ED6B7C-1482-4661-892B-9222AB44CA3B}.Debug|Any CPU.ActiveCfg = Debug|Any CPU
		{F2ED6B7C-1482-4661-892B-9222AB44CA3B}.Debug|Any CPU.Build.0 = Debug|Any CPU
		{F2ED6B7C-1482-4661-892B-9222AB44CA3B}.Release|Any CPU.ActiveCfg = Release|Any CPU
		{F2ED6B7C-1482-4661-892B-9222AB44CA3B}.Release|Any CPU.Build.0 = Release|Any CPU
		{5EAAF077-FC1C-42F8-B022-DF7DDCA6E0BC}.Debug|Any CPU.ActiveCfg = Debug|Any CPU
		{5EAAF077-FC1C-42F8-B022-DF7DDCA6E0BC}.Debug|Any CPU.Build.0 = Debug|Any CPU
		{5EAAF077-FC1C-42F8-B022-DF7DDCA6E0BC}.Release|Any CPU.ActiveCfg = Release|Any CPU
		{5EAAF077-FC1C-42F8-B022-DF7DDCA6E0BC}.Release|Any CPU.Build.0 = Release|Any CPU
		{F900642B-1873-4BEF-B0F6-3F0A0B03BE71}.Debug|Any CPU.ActiveCfg = Debug|Any CPU
		{F900642B-1873-4BEF-B0F6-3F0A0B03BE71}.Debug|Any CPU.Build.0 = Debug|Any CPU
		{F900642B-1873-4BEF-B0F6-3F0A0B03BE71}.Release|Any CPU.ActiveCfg = Release|Any CPU
		{F900642B-1873-4BEF-B0F6-3F0A0B03BE71}.Release|Any CPU.Build.0 = Release|Any CPU
		{1DC71AF7-FB32-4144-BE93-C64E836B24D4}.Debug|Any CPU.ActiveCfg = Debug|Any CPU
		{1DC71AF7-FB32-4144-BE93-C64E836B24D4}.Debug|Any CPU.Build.0 = Debug|Any CPU
		{1DC71AF7-FB32-4144-BE93-C64E836B24D4}.Release|Any CPU.ActiveCfg = Release|Any CPU
		{1DC71AF7-FB32-4144-BE93-C64E836B24D4}.Release|Any CPU.Build.0 = Release|Any CPU
		{185DB6B7-4FF4-461F-BF9E-2E644747218D}.Debug|Any CPU.ActiveCfg = Debug|Any CPU
		{185DB6B7-4FF4-461F-BF9E-2E644747218D}.Debug|Any CPU.Build.0 = Debug|Any CPU
		{185DB6B7-4FF4-461F-BF9E-2E644747218D}.Release|Any CPU.ActiveCfg = Release|Any CPU
		{185DB6B7-4FF4-461F-BF9E-2E644747218D}.Release|Any CPU.Build.0 = Release|Any CPU
		{E3C41F52-7017-442C-835C-6EC4B6A14109}.Debug|Any CPU.ActiveCfg = Debug|Any CPU
		{E3C41F52-7017-442C-835C-6EC4B6A14109}.Debug|Any CPU.Build.0 = Debug|Any CPU
		{E3C41F52-7017-442C-835C-6EC4B6A14109}.Release|Any CPU.ActiveCfg = Release|Any CPU
		{E3C41F52-7017-442C-835C-6EC4B6A14109}.Release|Any CPU.Build.0 = Release|Any CPU
		{E9E51A44-5793-43D0-A968-99A602B3668C}.Debug|Any CPU.ActiveCfg = Debug|Any CPU
		{E9E51A44-5793-43D0-A968-99A602B3668C}.Debug|Any CPU.Build.0 = Debug|Any CPU
		{E9E51A44-5793-43D0-A968-99A602B3668C}.Release|Any CPU.ActiveCfg = Release|Any CPU
		{E9E51A44-5793-43D0-A968-99A602B3668C}.Release|Any CPU.Build.0 = Release|Any CPU
		{745E5B68-F4F0-4BAF-BB49-B71907AD887D}.Debug|Any CPU.ActiveCfg = Debug|Any CPU
		{745E5B68-F4F0-4BAF-BB49-B71907AD887D}.Debug|Any CPU.Build.0 = Debug|Any CPU
		{745E5B68-F4F0-4BAF-BB49-B71907AD887D}.Release|Any CPU.ActiveCfg = Release|Any CPU
		{745E5B68-F4F0-4BAF-BB49-B71907AD887D}.Release|Any CPU.Build.0 = Release|Any CPU
		{D6634880-4D10-4A80-83EC-67F6254181C7}.Debug|Any CPU.ActiveCfg = Debug|Any CPU
		{D6634880-4D10-4A80-83EC-67F6254181C7}.Debug|Any CPU.Build.0 = Debug|Any CPU
		{D6634880-4D10-4A80-83EC-67F6254181C7}.Release|Any CPU.ActiveCfg = Release|Any CPU
		{D6634880-4D10-4A80-83EC-67F6254181C7}.Release|Any CPU.Build.0 = Release|Any CPU
		{ED686454-D535-48B8-9F00-6F0D89EC0696}.Debug|Any CPU.ActiveCfg = Debug|Any CPU
		{ED686454-D535-48B8-9F00-6F0D89EC0696}.Debug|Any CPU.Build.0 = Debug|Any CPU
		{ED686454-D535-48B8-9F00-6F0D89EC0696}.Release|Any CPU.ActiveCfg = Release|Any CPU
		{ED686454-D535-48B8-9F00-6F0D89EC0696}.Release|Any CPU.Build.0 = Release|Any CPU
		{C6A15699-CD73-43EF-9C9A-A119891F4FA1}.Debug|Any CPU.ActiveCfg = Debug|Any CPU
		{C6A15699-CD73-43EF-9C9A-A119891F4FA1}.Debug|Any CPU.Build.0 = Debug|Any CPU
		{C6A15699-CD73-43EF-9C9A-A119891F4FA1}.Release|Any CPU.ActiveCfg = Release|Any CPU
		{C6A15699-CD73-43EF-9C9A-A119891F4FA1}.Release|Any CPU.Build.0 = Release|Any CPU
		{50FA6570-4032-437F-A93B-668B250ECDC3}.Debug|Any CPU.ActiveCfg = Debug|Any CPU
		{50FA6570-4032-437F-A93B-668B250ECDC3}.Debug|Any CPU.Build.0 = Debug|Any CPU
		{50FA6570-4032-437F-A93B-668B250ECDC3}.Release|Any CPU.ActiveCfg = Release|Any CPU
		{50FA6570-4032-437F-A93B-668B250ECDC3}.Release|Any CPU.Build.0 = Release|Any CPU
		{98AA8364-E836-4D73-90E6-7AD8547A9668}.Debug|Any CPU.ActiveCfg = Debug|Any CPU
		{98AA8364-E836-4D73-90E6-7AD8547A9668}.Debug|Any CPU.Build.0 = Debug|Any CPU
		{98AA8364-E836-4D73-90E6-7AD8547A9668}.Release|Any CPU.ActiveCfg = Release|Any CPU
		{98AA8364-E836-4D73-90E6-7AD8547A9668}.Release|Any CPU.Build.0 = Release|Any CPU
		{12B3C651-72EA-440F-BA27-2CDB305CEAE2}.Debug|Any CPU.ActiveCfg = Debug|Any CPU
		{12B3C651-72EA-440F-BA27-2CDB305CEAE2}.Debug|Any CPU.Build.0 = Debug|Any CPU
		{12B3C651-72EA-440F-BA27-2CDB305CEAE2}.Release|Any CPU.ActiveCfg = Release|Any CPU
		{12B3C651-72EA-440F-BA27-2CDB305CEAE2}.Release|Any CPU.Build.0 = Release|Any CPU
		{6AEF86E5-7D2D-4A01-AF8A-096F036C3C29}.Debug|Any CPU.ActiveCfg = Debug|Any CPU
		{6AEF86E5-7D2D-4A01-AF8A-096F036C3C29}.Debug|Any CPU.Build.0 = Debug|Any CPU
		{6AEF86E5-7D2D-4A01-AF8A-096F036C3C29}.Release|Any CPU.ActiveCfg = Release|Any CPU
		{6AEF86E5-7D2D-4A01-AF8A-096F036C3C29}.Release|Any CPU.Build.0 = Release|Any CPU
		{AE3928F0-E74C-4875-89C3-006A0E69A9C9}.Debug|Any CPU.ActiveCfg = Debug|Any CPU
		{AE3928F0-E74C-4875-89C3-006A0E69A9C9}.Debug|Any CPU.Build.0 = Debug|Any CPU
		{AE3928F0-E74C-4875-89C3-006A0E69A9C9}.Release|Any CPU.ActiveCfg = Release|Any CPU
		{AE3928F0-E74C-4875-89C3-006A0E69A9C9}.Release|Any CPU.Build.0 = Release|Any CPU
	EndGlobalSection
	GlobalSection(SolutionProperties) = preSolution
		HideSolutionNode = FALSE
	EndGlobalSection
	GlobalSection(NestedProjects) = preSolution
		{E36B9EDB-F8E0-4DEE-850D-1FA9B5C83FC0} = {B483A281-5A5E-47A7-A625-2E899DDF5AD4}
		{F654445E-1176-42A2-8003-87D601B0B267} = {B483A281-5A5E-47A7-A625-2E899DDF5AD4}
		{2CE6FF2D-8D3F-4E8F-9847-383F17B6C9FB} = {B483A281-5A5E-47A7-A625-2E899DDF5AD4}
		{F2ED6B7C-1482-4661-892B-9222AB44CA3B} = {B483A281-5A5E-47A7-A625-2E899DDF5AD4}
		{5EAAF077-FC1C-42F8-B022-DF7DDCA6E0BC} = {B483A281-5A5E-47A7-A625-2E899DDF5AD4}
		{F900642B-1873-4BEF-B0F6-3F0A0B03BE71} = {189196C7-3029-429D-ACF5-60C73DB665A3}
		{1DC71AF7-FB32-4144-BE93-C64E836B24D4} = {189196C7-3029-429D-ACF5-60C73DB665A3}
		{185DB6B7-4FF4-461F-BF9E-2E644747218D} = {189196C7-3029-429D-ACF5-60C73DB665A3}
		{E3C41F52-7017-442C-835C-6EC4B6A14109} = {189196C7-3029-429D-ACF5-60C73DB665A3}
		{E9E51A44-5793-43D0-A968-99A602B3668C} = {189196C7-3029-429D-ACF5-60C73DB665A3}
		{745E5B68-F4F0-4BAF-BB49-B71907AD887D} = {629DA7EA-526B-4348-B7B4-0E9B0D8BC384}
		{D6634880-4D10-4A80-83EC-67F6254181C7} = {629DA7EA-526B-4348-B7B4-0E9B0D8BC384}
		{ED686454-D535-48B8-9F00-6F0D89EC0696} = {629DA7EA-526B-4348-B7B4-0E9B0D8BC384}
		{C6A15699-CD73-43EF-9C9A-A119891F4FA1} = {629DA7EA-526B-4348-B7B4-0E9B0D8BC384}
		{50FA6570-4032-437F-A93B-668B250ECDC3} = {908E52B3-1716-4372-A4A3-B1B6AFC15ADA}
		{98AA8364-E836-4D73-90E6-7AD8547A9668} = {908E52B3-1716-4372-A4A3-B1B6AFC15ADA}
		{12B3C651-72EA-440F-BA27-2CDB305CEAE2} = {908E52B3-1716-4372-A4A3-B1B6AFC15ADA}
		{6AEF86E5-7D2D-4A01-AF8A-096F036C3C29} = {908E52B3-1716-4372-A4A3-B1B6AFC15ADA}
		{AE3928F0-E74C-4875-89C3-006A0E69A9C9} = {453D2B69-C7A0-4BFD-AEE6-4125CA3AC864}
	EndGlobalSection
	GlobalSection(ExtensibilityGlobals) = postSolution
		SolutionGuid = {876F366C-FA87-443D-98B9-3D8C243D4D7D}
	EndGlobalSection
EndGlobal
